[[package]]
category = "main"
description = "A library for parsing ISO 8601 strings."
name = "aniso8601"
optional = false
python-versions = "*"
version = "4.0.1"

[[package]]
category = "main"
description = "Composable command line interface toolkit"
name = "click"
optional = false
python-versions = ">=2.7, !=3.0.*, !=3.1.*, !=3.2.*, !=3.3.*"
version = "7.0"

[[package]]
category = "main"
description = "A simple framework for building complex web applications."
name = "flask"
optional = false
python-versions = "*"
version = "1.0.2"

[package.dependencies]
Jinja2 = ">=2.10"
Werkzeug = ">=0.14"
click = ">=5.1"
itsdangerous = ">=0.24"

[[package]]
category = "main"
description = "Fully featured framework for fast, easy and documented API development with Flask"
name = "flask-restplus"
optional = false
python-versions = "*"
version = "0.12.1"

[package.dependencies]
Flask = ">=0.8"
aniso8601 = ">=0.82"
jsonschema = "*"
pytz = "*"
six = ">=1.3.0"

[[package]]
category = "main"
description = "Various helpers to pass data to untrusted environments and back."
name = "itsdangerous"
optional = false
python-versions = ">=2.7, !=3.0.*, !=3.1.*, !=3.2.*, !=3.3.*"
version = "1.1.0"

[[package]]
category = "main"
description = "A small but fast and easy to use stand-alone template engine written in pure python."
name = "jinja2"
optional = false
python-versions = "*"
version = "2.10"

[package.dependencies]
MarkupSafe = ">=0.23"

[[package]]
category = "main"
description = "An implementation of JSON Schema validation for Python"
name = "jsonschema"
optional = false
python-versions = "*"
version = "2.6.0"

[[package]]
category = "main"
description = "Safely add untrusted strings to HTML/XML markup."
name = "markupsafe"
optional = false
python-versions = ">=2.7,!=3.0.*,!=3.1.*,!=3.2.*,!=3.3.*"
version = "1.1.0"

[[package]]
category = "main"
description = "MySQL driver written in Python"
name = "mysql-connector-python"
optional = false
python-versions = "*"
version = "8.0.13"

[package.dependencies]
protobuf = ">=3.0.0"

[[package]]
category = "main"
description = "NumPy: array processing for numbers, strings, records, and objects."
name = "numpy"
optional = false
python-versions = ">=2.7,!=3.0.*,!=3.1.*,!=3.2.*,!=3.3.*"
version = "1.15.4"

[[package]]
category = "main"
description = "Powerful data structures for data analysis, time series, and statistics"
name = "pandas"
optional = false
python-versions = ">=2.7,!=3.0.*,!=3.1.*,!=3.2.*,!=3.3.*,!=3.4.*"
version = "0.23.4"

[package.dependencies]
numpy = ">=1.9.0"
python-dateutil = ">=2.5.0"
pytz = ">=2011k"

[[package]]
category = "main"
description = "Protocol Buffers"
name = "protobuf"
optional = false
python-versions = "*"
version = "3.6.1"

[package.dependencies]
setuptools = "*"
six = ">=1.9"

[[package]]
category = "main"
description = "Extensions to the standard Python datetime module"
name = "python-dateutil"
optional = false
python-versions = ">=2.7, !=3.0.*, !=3.1.*, !=3.2.*"
version = "2.7.5"

[package.dependencies]
six = ">=1.5"

[[package]]
category = "main"
description = "Add .env support to your django/flask apps in development and deployments"
name = "python-dotenv"
optional = false
python-versions = "*"
version = "0.10.0"

[[package]]
category = "main"
description = "World timezone definitions, modern and historical"
name = "pytz"
optional = false
python-versions = "*"
version = "2018.7"

[[package]]
category = "main"
description = "Python 2 and 3 compatibility utilities"
name = "six"
optional = false
python-versions = "*"
version = "1.11.0"

[[package]]
category = "main"
description = "Database Abstraction Library"
name = "sqlalchemy"
optional = false
python-versions = "*"
version = "1.2.14"

[[package]]
category = "main"
description = "The comprehensive WSGI web application library."
name = "werkzeug"
optional = false
python-versions = "*"
version = "0.14.1"

[metadata]
content-hash = "2dd55aa949f4a2cb36bf82dccc606ec3dfb2c1da89b6a9663599f172dd90b9cc"
python-versions = "^3.6"

[metadata.hashes]
aniso8601 = ["547e7bc88c19742e519fb4ca39f4b8113fdfb8fca322e325f16a8bfc6cfc553c", "e7560de91bf00baa712b2550a2fdebf0188c5fce2fcd1162fbac75c19bb29c95"]
click = ["2335065e6395b9e67ca716de5f7526736bfa6ceead690adf616d925bdc622b13", "5b94b49521f6456670fdb30cd82a4eca9412788a93fa6dd6df72c94d5a8ff2d7"]
flask = ["2271c0070dbcb5275fad4a82e29f23ab92682dc45f9dfbc22c02ba9b9322ce48", "a080b744b7e345ccfcbc77954861cb05b3c63786e93f2b3875e0913d44b43f05"]
flask-restplus = ["3fad697e1d91dfc13c078abcb86003f438a751c5a4ff41b84c9050199d2eab62", "cdc27b5be63f12968a7f762eaa355e68228b0c904b4c96040a314ba7dc6d0e69"]
itsdangerous = ["321b033d07f2a4136d3ec762eac9f16a10ccd60f53c0c91af90217ace7ba1f19", "b12271b2047cb23eeb98c8b5622e2e5c5e9abd9784a153e9d8ef9cb4dd09d749"]
jinja2 = ["74c935a1b8bb9a3947c50a54766a969d4846290e1e788ea44c1392163723c3bd", "f84be1bb0040caca4cea721fcbbbbd61f9be9464ca236387158b0feea01914a4"]
jsonschema = ["000e68abd33c972a5248544925a0cae7d1125f9bf6c58280d37546b946769a08", "6ff5f3180870836cae40f06fa10419f557208175f13ad7bc26caa77beb1f6e02"]
markupsafe = ["048ef924c1623740e70204aa7143ec592504045ae4429b59c30054cb31e3c432", "130f844e7f5bdd8e9f3f42e7102ef1d49b2e6fdf0d7526df3f87281a532d8c8b", "19f637c2ac5ae9da8bfd98cef74d64b7e1bb8a63038a3505cd182c3fac5eb4d9", "1b8a7a87ad1b92bd887568ce54b23565f3fd7018c4180136e1cf412b405a47af", "1c25694ca680b6919de53a4bb3bdd0602beafc63ff001fea2f2fc16ec3a11834", "1f19ef5d3908110e1e891deefb5586aae1b49a7440db952454b4e281b41620cd", "1fa6058938190ebe8290e5cae6c351e14e7bb44505c4a7624555ce57fbbeba0d", "31cbb1359e8c25f9f48e156e59e2eaad51cd5242c05ed18a8de6dbe85184e4b7", "3e835d8841ae7863f64e40e19477f7eb398674da6a47f09871673742531e6f4b", "4e97332c9ce444b0c2c38dd22ddc61c743eb208d916e4265a2a3b575bdccb1d3", "525396ee324ee2da82919f2ee9c9e73b012f23e7640131dd1b53a90206a0f09c", "52b07fbc32032c21ad4ab060fec137b76eb804c4b9a1c7c7dc562549306afad2", "52ccb45e77a1085ec5461cde794e1aa037df79f473cbc69b974e73940655c8d7", "5c3fbebd7de20ce93103cb3183b47671f2885307df4a17a0ad56a1dd51273d36", "5e5851969aea17660e55f6a3be00037a25b96a9b44d2083651812c99d53b14d1", "5edfa27b2d3eefa2210fb2f5d539fbed81722b49f083b2c6566455eb7422fd7e", "7d263e5770efddf465a9e31b78362d84d015cc894ca2c131901a4445eaa61ee1", "83381342bfc22b3c8c06f2dd93a505413888694302de25add756254beee8449c", "857eebb2c1dc60e4219ec8e98dfa19553dae33608237e107db9c6078b1167856", "98e439297f78fca3a6169fd330fbe88d78b3bb72f967ad9961bcac0d7fdd1550", "bf54103892a83c64db58125b3f2a43df6d2cb2d28889f14c78519394feb41492", "d9ac82be533394d341b41d78aca7ed0e0f4ba5a2231602e2f05aa87f25c51672", "e982fe07ede9fada6ff6705af70514a52beb1b2c3d25d4e873e82114cf3c5401", "edce2ea7f3dfc981c4ddc97add8a61381d9642dc3273737e756517cc03e84dd6", "efdc45ef1afc238db84cb4963aa689c0408912a0239b0721cb172b4016eb31d6", "f137c02498f8b935892d5c0172560d7ab54bc45039de8805075e19079c639a9c", "f82e347a72f955b7017a39708a3667f106e6ad4d10b25f237396a7115d8ed5fd", "fb7c206e01ad85ce57feeaaa0bf784b97fa3cad0d4a5737bc5295785f5c613a1"]
mysql-connector-python = ["00bfda736f5df70be77a60b844f3d14fb3391cab4e8d6d0927484511b4e3a742", "015c56d0805809c4bdab03931a841aa42b8bea5439b7a7ab027b91ad6145ccce", "184f091a916c958055218326f79eb3fff452255985482a7524df5c57e0573744", "1de6c9e5332bf11d9b14a8f41ae88af506c6b1dd61c0db587b71e204699e7e04", "21ec347a3305aab6aa48b8625120112de1eab5fff28fd885447d418280148c37", "5decf81bad32c23fe78d8dfd266ab76439210d2c19bb7f3382d305d998bfb280", "6992e73443fcbd0d6600bd533eba0dfb2f9ed4593b4e1b936f7297caed3dc907", "69bd8b88a2792cc5a81354708d466f97401c32ebc1c22a41d24f0374472ea012", "70a70700f72e639c59620f519be8289782c98d665745927bf365ba81cfc3816d", "743edc2c72056b8e176be1f50e1bc078d1dbbfb0042ea22391fed769e721eadd", "88c8201931043d2f75b1e833eb91a89278ce989bc17b88e7a51e1f4e29a3e5d9", "8cb88179f3ee43c2931c48994346514f3592cb0485597c2b999cbffe6981ac5f", "95d5be4528158c8464a6aa64d27c4f872998b3d2a666efada833db4c90646622", "a44078a47498a6eb6ae9510505b032da076886714b50328e2168333bfb835f50", "aa581e7c2c9e3773b016d20299ec2e83605a86cfa23bea9c953cdfcf2c270b06", "ac5c6c8bbcd92d3bcc25dfc0f890e346a04b5a159df768c747c8b73a7c6f8daf", "b9bfb4f10c0c89e50b0a17d518c9728f40bc714ff1617c023ea525838cc2aed1", "dd5327fedb8a1e3ea6adc602fcb1782751b0b5eb8ce121f66eee3aba9051a490", "e7fbbdbce063a202e27b59a0090e3abf4e4cd4ba75d9bee2f29a156df3e737aa"]
numpy = ["0df89ca13c25eaa1621a3f09af4c8ba20da849692dcae184cb55e80952c453fb", "154c35f195fd3e1fad2569930ca51907057ae35e03938f89a8aedae91dd1b7c7", "18e84323cdb8de3325e741a7a8dd4a82db74fde363dce32b625324c7b32aa6d7", "1e8956c37fc138d65ded2d96ab3949bd49038cc6e8a4494b1515b0ba88c91565", "23557bdbca3ccbde3abaa12a6e82299bc92d2b9139011f8c16ca1bb8c75d1e95", "24fd645a5e5d224aa6e39d93e4a722fafa9160154f296fd5ef9580191c755053", "36e36b6868e4440760d4b9b44587ea1dc1f06532858d10abba98e851e154ca70", "3d734559db35aa3697dadcea492a423118c5c55d176da2f3be9c98d4803fc2a7", "416a2070acf3a2b5d586f9a6507bb97e33574df5bd7508ea970bbf4fc563fa52", "4a22dc3f5221a644dfe4a63bf990052cc674ef12a157b1056969079985c92816", "4d8d3e5aa6087490912c14a3c10fbdd380b40b421c13920ff468163bc50e016f", "4f41fd159fba1245e1958a99d349df49c616b133636e0cf668f169bce2aeac2d", "561ef098c50f91fbac2cc9305b68c915e9eb915a74d9038ecf8af274d748f76f", "56994e14b386b5c0a9b875a76d22d707b315fa037affc7819cda08b6d0489756", "73a1f2a529604c50c262179fcca59c87a05ff4614fe8a15c186934d84d09d9a5", "7da99445fd890206bfcc7419f79871ba8e73d9d9e6b82fe09980bc5bb4efc35f", "99d59e0bcadac4aa3280616591fb7bcd560e2218f5e31d5223a2e12a1425d495", "a4cc09489843c70b22e8373ca3dfa52b3fab778b57cf81462f1203b0852e95e3", "a61dc29cfca9831a03442a21d4b5fd77e3067beca4b5f81f1a89a04a71cf93fa", "b1853df739b32fa913cc59ad9137caa9cc3d97ff871e2bbd89c2a2a1d4a69451", "b1f44c335532c0581b77491b7715a871d0dd72e97487ac0f57337ccf3ab3469b", "b261e0cb0d6faa8fd6863af26d30351fd2ffdb15b82e51e81e96b9e9e2e7ba16", "c857ae5dba375ea26a6228f98c195fec0898a0fd91bcf0e8a0cae6d9faf3eca7", "cf5bb4a7d53a71bb6a0144d31df784a973b36d8687d615ef6a7e9b1809917a9b", "db9814ff0457b46f2e1d494c1efa4111ca089e08c8b983635ebffb9c1573361f", "df04f4bad8a359daa2ff74f8108ea051670cafbca533bb2636c58b16e962989e", "ecf81720934a0e18526177e645cbd6a8a21bb0ddc887ff9738de07a1df5c6b61", "edfa6fba9157e0e3be0f40168eb142511012683ac3dc82420bee4a3f3981b30e"]
pandas = ["11975fad9edbdb55f1a560d96f91830e83e29bed6ad5ebf506abda09818eaf60", "12e13d127ca1b585dd6f6840d3fe3fa6e46c36a6afe2dbc5cb0b57032c902e31", "1c87fcb201e1e06f66e23a61a5fea9eeebfe7204a66d99df24600e3f05168051", "242e9900de758e137304ad4b5663c2eff0d798c2c3b891250bd0bd97144579da", "26c903d0ae1542890cb9abadb4adcb18f356b14c2df46e4ff657ae640e3ac9e7", "2e1e88f9d3e5f107b65b59cd29f141995597b035d17cc5537e58142038942e1a", "31b7a48b344c14691a8e92765d4023f88902ba3e96e2e4d0364d3453cdfd50db", "4fd07a932b4352f8a8973761ab4e84f965bf81cc750fb38e04f01088ab901cb8", "5b24ca47acf69222e82530e89111dd9d14f9b970ab2cd3a1c2c78f0c4fbba4f4", "647b3b916cc8f6aeba240c8171be3ab799c3c1b2ea179a3be0bd2712c4237553", "66b060946046ca27c0e03e9bec9bba3e0b918bafff84c425ca2cc2e157ce121e", "6efa9fa6e1434141df8872d0fa4226fc301b17aacf37429193f9d70b426ea28f", "be4715c9d8367e51dbe6bc6d05e205b1ae234f0dc5465931014aa1c4af44c1ba", "bea90da782d8e945fccfc958585210d23de374fa9294a9481ed2abcef637ebfc", "d318d77ab96f66a59e792a481e2701fba879e1a453aefeebdb17444fe204d1ed", "d785fc08d6f4207437e900ffead930a61e634c5e4f980ba6d3dc03c9581748c7", "de9559287c4fe8da56e8c3878d2374abc19d1ba2b807bfa7553e912a8e5ba87c", "f4f98b190bb918ac0bc0e3dd2ab74ff3573da9f43106f6dba6385406912ec00f", "f71f1a7e2d03758f6e957896ed696254e2bc83110ddbc6942018f1a232dd9dad", "fb944c8f0b0ab5c1f7846c686bc4cdf8cde7224655c12edcd59d5212cd57bec0"]
protobuf = ["10394a4d03af7060fa8a6e1cbf38cea44be1467053b0aea5bbfcb4b13c4b88c4", "1489b376b0f364bcc6f89519718c057eb191d7ad6f1b395ffd93d1aa45587811", "1931d8efce896981fe410c802fd66df14f9f429c32a72dd9cfeeac9815ec6444", "196d3a80f93c537f27d2a19a4fafb826fb4c331b0b99110f985119391d170f96", "46e34fdcc2b1f2620172d3a4885128705a4e658b9b62355ae5e98f9ea19f42c2", "4b92e235a3afd42e7493b281c8b80c0c65cbef45de30f43d571d1ee40a1f77ef", "574085a33ca0d2c67433e5f3e9a0965c487410d6cb3406c83bdaf549bfc2992e", "59cd75ded98094d3cf2d79e84cdb38a46e33e7441b2826f3838dcc7c07f82995", "5ee0522eed6680bb5bac5b6d738f7b0923b3cafce8c4b1a039a6107f0841d7ed", "65917cfd5da9dfc993d5684643063318a2e875f798047911a9dd71ca066641c9", "685bc4ec61a50f7360c9fd18e277b65db90105adbf9c79938bd315435e526b90", "92e8418976e52201364a3174e40dc31f5fd8c147186d72380cbda54e0464ee19", "9335f79d1940dfb9bcaf8ec881fb8ab47d7a2c721fb8b02949aab8bbf8b68625", "a7ee3bb6de78185e5411487bef8bc1c59ebd97e47713cba3c460ef44e99b3db9", "ceec283da2323e2431c49de58f80e1718986b79be59c266bb0509cbf90ca5b9e", "e7a5ccf56444211d79e3204b05087c1460c212a2c7d62f948b996660d0165d68", "fcfc907746ec22716f05ea96b7f41597dfe1a1c088f861efb8a0d4f4196a6f10"]
python-dateutil = ["063df5763652e21de43de7d9e00ccf239f953a832941e37be541614732cdfc93", "88f9287c0174266bb0d8cedd395cfba9c58e87e5ad86b2ce58859bc11be3cf02"]
python-dotenv = ["4f3582904d08dac5ab4c9aa44cb17ce056c9a35e585cfda6183d80054d247307", "cb8cd327109898c7725f76c5256a081e8a9efe72ebbf127f8d1221ceb7f38bf2"]
pytz = ["31cb35c89bd7d333cd32c5f278fca91b523b0834369e757f4c5641ea252236ca", "8e0f8568c118d3077b46be7d654cc8167fa916092e28320cde048e54bfc9f1e6"]
six = ["70e8a77beed4562e7f14fe23a786b54f6296e34344c23bc42f07b15018ff98e9", "832dc0e10feb1aa2c68dcc57dbb658f1c7e65b9b61af69048abc87a2db00a0eb"]
sqlalchemy = ["9de7c7dabcf06319becdb7e15099c44e5e34ba7062f9ba10bc00e562f5db3d04"]
werkzeug = ["c3fd7a7d41976d9f44db327260e263132466836cef6f91512889ed60ad26557c", "d5da73735293558eb1651ee2fddc4d0dedcfa06538b8813a2e20011583c9e49b"]
